// !$*UTF8*$!
{
	archiveVersion = 1;
	classes = {
	};
	objectVersion = 77;
	objects = {

/* Begin PBXBuildFile section */
		33A3AC362FD643A5004BF0AF /* Model.xcdatamodeld in Sources */ = {isa = PBXBuildFile; fileRef = 33A3AC332FD643A5004BF0AF /* Model.xcdatamodeld */; };
		33A3AC5E2FD65109004BF0AF /* RegisterViewModel.swift in Sources */ = {isa = PBXBuildFile; fileRef = 33A3AC5D2FD65109004BF0AF /* RegisterViewModel.swift */; };
		33A3AC5F2FD65109004BF0AF /* LoginViewModel.swift in Sources */ = {isa = PBXBuildFile; fileRef = 33A3AC5C2FD65109004BF0AF /* LoginViewModel.swift */; };
		592E1BB72FCD1F45003FB46C /* Assets.xcassets in Resources */ = {isa = PBXBuildFile; fileRef = 592E1BB42FCD1F45003FB46C /* Assets.xcassets */; };
		592E1BB82FCD1F45003FB46C /* Coin.swift in Sources */ = {isa = PBXBuildFile; fileRef = 592E1BAC2FCD1F45003FB46C /* Coin.swift */; };
		592E1BB92FCD1F45003FB46C /* CryptoModel.swift in Sources */ = {isa = PBXBuildFile; fileRef = 592E1BAD2FCD1F45003FB46C /* CryptoModel.swift */; };
		592E1BBA2FCD1F45003FB46C /* LiveCryptoView.swift in Sources */ = {isa = PBXBuildFile; fileRef = 592E1BAF2FCD1F45003FB46C /* LiveCryptoView.swift */; };
		592E1BBB2FCD1F45003FB46C /* BinanceWebSocketManager.swift in Sources */ = {isa = PBXBuildFile; fileRef = 592E1BB22FCD1F45003FB46C /* BinanceWebSocketManager.swift */; };
		592E1BBC2FCD1F45003FB46C /* CryptoWalletApp.swift in Sources */ = {isa = PBXBuildFile; fileRef = 592E1BB52FCD1F45003FB46C /* CryptoWalletApp.swift */; };
		592E1BBE2FCD1F52003FB46C /* WalletViewModel.swift in Sources */ = {isa = PBXBuildFile; fileRef = 592E1BBD2FCD1F52003FB46C /* WalletViewModel.swift */; };
		592E1BC02FCD1F74003FB46C /* WalletView.swift in Sources */ = {isa = PBXBuildFile; fileRef = 592E1BBF2FCD1F74003FB46C /* WalletView.swift */; };
		592E1BC32FCD2014003FB46C /* ActionButton.swift in Sources */ = {isa = PBXBuildFile; fileRef = 592E1BC22FCD2014003FB46C /* ActionButton.swift */; };
		592E1BC52FCD2065003FB46C /* CoinCard.swift in Sources */ = {isa = PBXBuildFile; fileRef = 592E1BC42FCD2065003FB46C /* CoinCard.swift */; };
		596A88642FCD268C00840930 /* AppBackground.swift in Sources */ = {isa = PBXBuildFile; fileRef = 596A88632FCD268C00840930 /* AppBackground.swift */; };
/* End PBXBuildFile section */

/* Begin PBXFileReference section */
		2EC4B4212FC6FCD7005064D0 /* CryptoWallet.app */ = {isa = PBXFileReference; explicitFileType = wrapper.application; includeInIndex = 0; path = CryptoWallet.app; sourceTree = BUILT_PRODUCTS_DIR; };
		33A3AC342FD643A5004BF0AF /* Model.xcdatamodel */ = {isa = PBXFileReference; lastKnownFileType = wrapper.xcdatamodel; path = Model.xcdatamodel; sourceTree = "<group>"; };
		33A3AC5C2FD65109004BF0AF /* LoginViewModel.swift */ = {isa = PBXFileReference; lastKnownFileType = sourcecode.swift; path = LoginViewModel.swift; sourceTree = "<group>"; };
		33A3AC5D2FD65109004BF0AF /* RegisterViewModel.swift */ = {isa = PBXFileReference; lastKnownFileType = sourcecode.swift; path = RegisterViewModel.swift; sourceTree = "<group>"; };
		592E1BAC2FCD1F45003FB46C /* Coin.swift */ = {isa = PBXFileReference; lastKnownFileType = sourcecode.swift; path = Coin.swift; sourceTree = "<group>"; };
		592E1BAD2FCD1F45003FB46C /* CryptoModel.swift */ = {isa = PBXFileReference; lastKnownFileType = sourcecode.swift; path = CryptoModel.swift; sourceTree = "<group>"; };
		592E1BAF2FCD1F45003FB46C /* LiveCryptoView.swift */ = {isa = PBXFileReference; lastKnownFileType = sourcecode.swift; path = LiveCryptoView.swift; sourceTree = "<group>"; };
		592E1BB22FCD1F45003FB46C /* BinanceWebSocketManager.swift */ = {isa = PBXFileReference; lastKnownFileType = sourcecode.swift; path = BinanceWebSocketManager.swift; sourceTree = "<group>"; };
		592E1BB42FCD1F45003FB46C /* Assets.xcassets */ = {isa = PBXFileReference; lastKnownFileType = folder.assetcatalog; path = Assets.xcassets; sourceTree = "<group>"; };
		592E1BB52FCD1F45003FB46C /* CryptoWalletApp.swift */ = {isa = PBXFileReference; lastKnownFileType = sourcecode.swift; path = CryptoWalletApp.swift; sourceTree = "<group>"; };
		592E1BBD2FCD1F52003FB46C /* WalletViewModel.swift */ = {isa = PBXFileReference; lastKnownFileType = sourcecode.swift; path = WalletViewModel.swift; sourceTree = "<group>"; };
		592E1BBF2FCD1F74003FB46C /* WalletView.swift */ = {isa = PBXFileReference; lastKnownFileType = sourcecode.swift; path = WalletView.swift; sourceTree = "<group>"; };
		592E1BC22FCD2014003FB46C /* ActionButton.swift */ = {isa = PBXFileReference; lastKnownFileType = sourcecode.swift; path = ActionButton.swift; sourceTree = "<group>"; };
		592E1BC42FCD2065003FB46C /* CoinCard.swift */ = {isa = PBXFileReference; lastKnownFileType = sourcecode.swift; path = CoinCard.swift; sourceTree = "<group>"; };
		596A88632FCD268C00840930 /* AppBackground.swift */ = {isa = PBXFileReference; lastKnownFileType = sourcecode.swift; path = AppBackground.swift; sourceTree = "<group>"; };
/* End PBXFileReference section */

/* Begin PBXFileSystemSynchronizedRootGroup section */
		33A3AC032FD6420F004BF0AF /* CoreData */ = {
			isa = PBXFileSystemSynchronizedRootGroup;
			path = CoreData;
			sourceTree = "<group>";
		};
/* End PBXFileSystemSynchronizedRootGroup section */

/* Begin PBXFrameworksBuildPhase section */
		2EC4B41E2FC6FCD7005064D0 /* Frameworks */ = {
			isa = PBXFrameworksBuildPhase;
			buildActionMask = 2147483647;
			files = (
			);
			runOnlyForDeploymentPostprocessing = 0;
		};
/* End PBXFrameworksBuildPhase section */

/* Begin PBXGroup section */
		2EC4B4182FC6FCD7005064D0 = {
			isa = PBXGroup;
			children = (
				592E1BB62FCD1F45003FB46C /* CryptoWallet */,
				2EC4B4222FC6FCD7005064D0 /* Products */,
			);
			sourceTree = "<group>";
		};
		2EC4B4222FC6FCD7005064D0 /* Products */ = {
			isa = PBXGroup;
			children = (
				2EC4B4212FC6FCD7005064D0 /* CryptoWallet.app */,
			);
			name = Products;
			sourceTree = "<group>";
		};
		592E1BAE2FCD1F45003FB46C /* Model */ = {
			isa = PBXGroup;
			children = (
				592E1BAC2FCD1F45003FB46C /* Coin.swift */,
				592E1BAD2FCD1F45003FB46C /* CryptoModel.swift */,
			);
			path = Model;
			sourceTree = "<group>";
		};
		592E1BB02FCD1F45003FB46C /* View */ = {
			isa = PBXGroup;
			children = (
				592E1BBF2FCD1F74003FB46C /* WalletView.swift */,
				592E1BAF2FCD1F45003FB46C /* LiveCryptoView.swift */,
			);
			path = View;
			sourceTree = "<group>";
		};
		592E1BB12FCD1F45003FB46C /* ViewModel */ = {
			isa = PBXGroup;
			children = (
				33A3AC5C2FD65109004BF0AF /* LoginViewModel.swift */,
				33A3AC5D2FD65109004BF0AF /* RegisterViewModel.swift */,
				592E1BBD2FCD1F52003FB46C /* WalletViewModel.swift */,
			);
			path = ViewModel;
			sourceTree = "<group>";
		};
		592E1BB32FCD1F45003FB46C /* WebSocket */ = {
			isa = PBXGroup;
			children = (
				592E1BB22FCD1F45003FB46C /* BinanceWebSocketManager.swift */,
			);
			path = WebSocket;
			sourceTree = "<group>";
		};
		592E1BB62FCD1F45003FB46C /* CryptoWallet */ = {
			isa = PBXGroup;
			children = (
				33A3AC032FD6420F004BF0AF /* CoreData */,
				592E1BC12FCD200D003FB46C /* Components */,
				592E1BAE2FCD1F45003FB46C /* Model */,
				592E1BB02FCD1F45003FB46C /* View */,
				592E1BB12FCD1F45003FB46C /* ViewModel */,
				592E1BB32FCD1F45003FB46C /* WebSocket */,
				592E1BB42FCD1F45003FB46C /* Assets.xcassets */,
				33A3AC332FD643A5004BF0AF /* Model.xcdatamodeld */,
				592E1BB52FCD1F45003FB46C /* CryptoWalletApp.swift */,
			);
			path = CryptoWallet;
			sourceTree = "<group>";
		};
		592E1BC12FCD200D003FB46C /* Components */ = {
			isa = PBXGroup;
			children = (
				596A88632FCD268C00840930 /* AppBackground.swift */,
				592E1BC42FCD2065003FB46C /* CoinCard.swift */,
				592E1BC22FCD2014003FB46C /* ActionButton.swift */,
			);
			path = Components;
			sourceTree = "<group>";
		};
/* End PBXGroup section */

/* Begin PBXNativeTarget section */
		2EC4B4202FC6FCD7005064D0 /* CryptoWallet */ = {
			isa = PBXNativeTarget;
			buildConfigurationList = 2EC4B42C2FC6FCD9005064D0 /* Build configuration list for PBXNativeTarget "CryptoWallet" */;
			buildPhases = (
				2EC4B41D2FC6FCD7005064D0 /* Sources */,
				2EC4B41E2FC6FCD7005064D0 /* Frameworks */,
				2EC4B41F2FC6FCD7005064D0 /* Resources */,
			);
			buildRules = (
			);
			dependencies = (
			);
			fileSystemSynchronizedGroups = (
				33A3AC032FD6420F004BF0AF /* CoreData */,
			);
			name = CryptoWallet;
			packageProductDependencies = (
			);
			productName = CryptoWallet;
			productReference = 2EC4B4212FC6FCD7005064D0 /* CryptoWallet.app */;
			productType = "com.apple.product-type.application";
		};
/* End PBXNativeTarget section */

/* Begin PBXProject section */
		2EC4B4192FC6FCD7005064D0 /* Project object */ = {
			isa = PBXProject;
			attributes = {
				BuildIndependentTargetsInParallel = 1;
				LastSwiftUpdateCheck = 2630;
				LastUpgradeCheck = 2630;
				TargetAttributes = {
					2EC4B4202FC6FCD7005064D0 = {
						CreatedOnToolsVersion = 26.3;
					};
				};
			};
			buildConfigurationList = 2EC4B41C2FC6FCD7005064D0 /* Build configuration list for PBXProject "CryptoWallet" */;
			developmentRegion = en;
			hasScannedForEncodings = 0;
			knownRegions = (
				en,
				Base,
			);
			mainGroup = 2EC4B4182FC6FCD7005064D0;
			minimizedProjectReferenceProxies = 1;
			preferredProjectObjectVersion = 77;
			productRefGroup = 2EC4B4222FC6FCD7005064D0 /* Products */;
			projectDirPath = "";
			projectRoot = "";
			targets = (
				2EC4B4202FC6FCD7005064D0 /* CryptoWallet */,
			);
		};
/* End PBXProject section */

/* Begin PBXResourcesBuildPhase section */
		2EC4B41F2FC6FCD7005064D0 /* Resources */ = {
			isa = PBXResourcesBuildPhase;
			buildActionMask = 2147483647;
			files = (
				592E1BB72FCD1F45003FB46C /* Assets.xcassets in Resources */,
			);
			runOnlyForDeploymentPostprocessing = 0;
		};
/* End PBXResourcesBuildPhase section */

/* Begin PBXSourcesBuildPhase section */
		2EC4B41D2FC6FCD7005064D0 /* Sources */ = {
			isa = PBXSourcesBuildPhase;
			buildActionMask = 2147483647;
			files = (
				592E1BC52FCD2065003FB46C /* CoinCard.swift in Sources */,
				592E1BB82FCD1F45003FB46C /* Coin.swift in Sources */,
				592E1BB92FCD1F45003FB46C /* CryptoModel.swift in Sources */,
				592E1BBA2FCD1F45003FB46C /* LiveCryptoView.swift in Sources */,
				592E1BC02FCD1F74003FB46C /* WalletView.swift in Sources */,
				596A88642FCD268C00840930 /* AppBackground.swift in Sources */,
				592E1BBE2FCD1F52003FB46C /* WalletViewModel.swift in Sources */,
				592E1BBB2FCD1F45003FB46C /* BinanceWebSocketManager.swift in Sources */,
				592E1BBC2FCD1F45003FB46C /* CryptoWalletApp.swift in Sources */,
				33A3AC362FD643A5004BF0AF /* Model.xcdatamodeld in Sources */,
				33A3AC5E2FD65109004BF0AF /* RegisterViewModel.swift in Sources */,
				33A3AC5F2FD65109004BF0AF /* LoginViewModel.swift in Sources */,
				592E1BC32FCD2014003FB46C /* ActionButton.swift in Sources */,
			);
			runOnlyForDeploymentPostprocessing = 0;
		};
/* End PBXSourcesBuildPhase section */

/* Begin XCBuildConfiguration section */
		2EC4B42A2FC6FCD9005064D0 /* Debug */ = {
			isa = XCBuildConfiguration;
			buildSettings = {
				ALWAYS_SEARCH_USER_PATHS = NO;
				ASSETCATALOG_COMPILER_GENERATE_SWIFT_ASSET_SYMBOL_EXTENSIONS = YES;
				CLANG_ANALYZER_NONNULL = YES;
				CLANG_ANALYZER_NUMBER_OBJECT_CONVERSION = YES_AGGRESSIVE;
				CLANG_CXX_LANGUAGE_STANDARD = "gnu++20";
				CLANG_ENABLE_MODULES = YES;
				CLANG_ENABLE_OBJC_ARC = YES;
				CLANG_ENABLE_OBJC_WEAK = YES;
				CLANG_WARN_BLOCK_CAPTURE_AUTORELEASING = YES;
				CLANG_WARN_BOOL_CONVERSION = YES;
				CLANG_WARN_COMMA = YES;
				CLANG_WARN_CONSTANT_CONVERSION = YES;
				CLANG_WARN_DEPRECATED_OBJC_IMPLEMENTATIONS = YES;
				CLANG_WARN_DIRECT_OBJC_ISA_USAGE = YES_ERROR;
				CLANG_WARN_DOCUMENTATION_COMMENTS = YES;
				CLANG_WARN_EMPTY_BODY = YES;
				CLANG_WARN_ENUM_CONVERSION = YES;
				CLANG_WARN_INFINITE_RECURSION = YES;
				CLANG_WARN_INT_CONVERSION = YES;
				CLANG_WARN_NON_LITERAL_NULL_CONVERSION = YES;
				CLANG_WARN_OBJC_IMPLICIT_RETAIN_SELF = YES;
				CLANG_WARN_OBJC_LITERAL_CONVERSION = YES;
				CLANG_WARN_OBJC_ROOT_CLASS = YES_ERROR;
				CLANG_WARN_QUOTED_INCLUDE_IN_FRAMEWORK_HEADER = YES;
				CLANG_WARN_RANGE_LOOP_ANALYSIS = YES;
				CLANG_WARN_STRICT_PROTOTYPES = YES;
				CLANG_WARN_SUSPICIOUS_MOVE = YES;
				CLANG_WARN_UNGUARDED_AVAILABILITY = YES_AGGRESSIVE;
				CLANG_WARN_UNREACHABLE_CODE = YES;
				CLANG_WARN__DUPLICATE_METHOD_MATCH = YES;
				COPY_PHASE_STRIP = NO;
				DEBUG_INFORMATION_FORMAT = dwarf;
				ENABLE_STRICT_OBJC_MSGSEND = YES;
				ENABLE_TESTABILITY = YES;
				ENABLE_USER_SCRIPT_SANDBOXING = YES;
				GCC_C_LANGUAGE_STANDARD = gnu17;
				GCC_DYNAMIC_NO_PIC = NO;
				GCC_NO_COMMON_BLOCKS = YES;
				GCC_OPTIMIZATION_LEVEL = 0;
				GCC_PREPROCESSOR_DEFINITIONS = (
					"DEBUG=1",
					"$(inherited)",
				);
				GCC_WARN_64_TO_32_BIT_CONVERSION = YES;
				GCC_WARN_ABOUT_RETURN_TYPE = YES_ERROR;
				GCC_WARN_UNDECLARED_SELECTOR = YES;
				GCC_WARN_UNINITIALIZED_AUTOS = YES_AGGRESSIVE;
				GCC_WARN_UNUSED_FUNCTION = YES;
				GCC_WARN_UNUSED_VARIABLE = YES;
				IPHONEOS_DEPLOYMENT_TARGET = 26.2;
				LOCALIZATION_PREFERS_STRING_CATALOGS = YES;
				MTL_ENABLE_DEBUG_INFO = INCLUDE_SOURCE;
				MTL_FAST_MATH = YES;
				ONLY_ACTIVE_ARCH = YES;
				SDKROOT = iphoneos;
				SWIFT_ACTIVE_COMPILATION_CONDITIONS = "DEBUG $(inherited)";
				SWIFT_OPTIMIZATION_LEVEL = "-Onone";
			};
			name = Debug;
		};
		2EC4B42B2FC6FCD9005064D0 /* Release */ = {
			isa = XCBuildConfiguration;
			buildSettings = {
				ALWAYS_SEARCH_USER_PATHS = NO;
				ASSETCATALOG_COMPILER_GENERATE_SWIFT_ASSET_SYMBOL_EXTENSIONS = YES;
				CLANG_ANALYZER_NONNULL = YES;
				CLANG_ANALYZER_NUMBER_OBJECT_CONVERSION = YES_AGGRESSIVE;
				CLANG_CXX_LANGUAGE_STANDARD = "gnu++20";
				CLANG_ENABLE_MODULES = YES;
				CLANG_ENABLE_OBJC_ARC = YES;
				CLANG_ENABLE_OBJC_WEAK = YES;
				CLANG_WARN_BLOCK_CAPTURE_AUTORELEASING = YES;
				CLANG_WARN_BOOL_CONVERSION = YES;
				CLANG_WARN_COMMA = YES;
				CLANG_WARN_CONSTANT_CONVERSION = YES;
				CLANG_WARN_DEPRECATED_OBJC_IMPLEMENTATIONS = YES;
				CLANG_WARN_DIRECT_OBJC_ISA_USAGE = YES_ERROR;
				CLANG_WARN_DOCUMENTATION_COMMENTS = YES;
				CLANG_WARN_EMPTY_BODY = YES;
				CLANG_WARN_ENUM_CONVERSION = YES;
				CLANG_WARN_INFINITE_RECURSION = YES;
				CLANG_WARN_INT_CONVERSION = YES;
				CLANG_WARN_NON_LITERAL_NULL_CONVERSION = YES;
				CLANG_WARN_OBJC_IMPLICIT_RETAIN_SELF = YES;
				CLANG_WARN_OBJC_LITERAL_CONVERSION = YES;
				CLANG_WARN_OBJC_ROOT_CLASS = YES_ERROR;
				CLANG_WARN_QUOTED_INCLUDE_IN_FRAMEWORK_HEADER = YES;
				CLANG_WARN_RANGE_LOOP_ANALYSIS = YES;
				CLANG_WARN_STRICT_PROTOTYPES = YES;
				CLANG_WARN_SUSPICIOUS_MOVE = YES;
				CLANG_WARN_UNGUARDED_AVAILABILITY = YES_AGGRESSIVE;
				CLANG_WARN_UNREACHABLE_CODE = YES;
				CLANG_WARN__DUPLICATE_METHOD_MATCH = YES;
				COPY_PHASE_STRIP = NO;
				DEBUG_INFORMATION_FORMAT = "dwarf-with-dsym";
				ENABLE_NS_ASSERTIONS = NO;
				ENABLE_STRICT_OBJC_MSGSEND = YES;
				ENABLE_USER_SCRIPT_SANDBOXING = YES;
				GCC_C_LANGUAGE_STANDARD = gnu17;
				GCC_NO_COMMON_BLOCKS = YES;
				GCC_WARN_64_TO_32_BIT_CONVERSION = YES;
				GCC_WARN_ABOUT_RETURN_TYPE = YES_ERROR;
				GCC_WARN_UNDECLARED_SELECTOR = YES;
				GCC_WARN_UNINITIALIZED_AUTOS = YES_AGGRESSIVE;
				GCC_WARN_UNUSED_FUNCTION = YES;
				GCC_WARN_UNUSED_VARIABLE = YES;
				IPHONEOS_DEPLOYMENT_TARGET = 26.2;
				LOCALIZATION_PREFERS_STRING_CATALOGS = YES;
				MTL_ENABLE_DEBUG_INFO = NO;
				MTL_FAST_MATH = YES;
				SDKROOT = iphoneos;
				SWIFT_COMPILATION_MODE = wholemodule;
				VALIDATE_PRODUCT = YES;
			};
			name = Release;
		};
		2EC4B42D2FC6FCD9005064D0 /* Debug */ = {
			isa = XCBuildConfiguration;
			buildSettings = {
				ASSETCATALOG_COMPILER_APPICON_NAME = AppIcon;
				ASSETCATALOG_COMPILER_GLOBAL_ACCENT_COLOR_NAME = AccentColor;
				CODE_SIGN_STYLE = Automatic;
				CURRENT_PROJECT_VERSION = 1;
				ENABLE_PREVIEWS = YES;
				GENERATE_INFOPLIST_FILE = YES;
				INFOPLIST_KEY_UIApplicationSceneManifest_Generation = YES;
				INFOPLIST_KEY_UIApplicationSupportsIndirectInputEvents = YES;
				INFOPLIST_KEY_UILaunchScreen_Generation = YES;
				INFOPLIST_KEY_UISupportedInterfaceOrientations_iPad = "UIInterfaceOrientationPortrait UIInterfaceOrientationPortraitUpsideDown UIInterfaceOrientationLandscapeLeft UIInterfaceOrientationLandscapeRight";
				INFOPLIST_KEY_UISupportedInterfaceOrientations_iPhone = "UIInterfaceOrientationPortrait UIInterfaceOrientationLandscapeLeft UIInterfaceOrientationLandscapeRight";
				LD_RUNPATH_SEARCH_PATHS = (
					"$(inherited)",
					"@executable_path/Frameworks",
				);
				MARKETING_VERSION = 1.0;
				PRODUCT_BUNDLE_IDENTIFIER = Capgemini.CryptoWallet;
				PRODUCT_NAME = "$(TARGET_NAME)";
				STRING_CATALOG_GENERATE_SYMBOLS = YES;
				SWIFT_APPROACHABLE_CONCURRENCY = YES;
				SWIFT_DEFAULT_ACTOR_ISOLATION = MainActor;
				SWIFT_EMIT_LOC_STRINGS = YES;
				SWIFT_UPCOMING_FEATURE_MEMBER_IMPORT_VISIBILITY = YES;
				SWIFT_VERSION = 5.0;
				TARGETED_DEVICE_FAMILY = "1,2";
			};
			name = Debug;
		};
		2EC4B42E2FC6FCD9005064D0 /* Release */ = {
			isa = XCBuildConfiguration;
			buildSettings = {
				ASSETCATALOG_COMPILER_APPICON_NAME = AppIcon;
				ASSETCATALOG_COMPILER_GLOBAL_ACCENT_COLOR_NAME = AccentColor;
				CODE_SIGN_STYLE = Automatic;
				CURRENT_PROJECT_VERSION = 1;
				ENABLE_PREVIEWS = YES;
				GENERATE_INFOPLIST_FILE = YES;
				INFOPLIST_KEY_UIApplicationSceneManifest_Generation = YES;
				INFOPLIST_KEY_UIApplicationSupportsIndirectInputEvents = YES;
				INFOPLIST_KEY_UILaunchScreen_Generation = YES;
				INFOPLIST_KEY_UISupportedInterfaceOrientations_iPad = "UIInterfaceOrientationPortrait UIInterfaceOrientationPortraitUpsideDown UIInterfaceOrientationLandscapeLeft UIInterfaceOrientationLandscapeRight";
				INFOPLIST_KEY_UISupportedInterfaceOrientations_iPhone = "UIInterfaceOrientationPortrait UIInterfaceOrientationLandscapeLeft UIInterfaceOrientationLandscapeRight";
				LD_RUNPATH_SEARCH_PATHS = (
					"$(inherited)",
					"@executable_path/Frameworks",
				);
				MARKETING_VERSION = 1.0;
				PRODUCT_BUNDLE_IDENTIFIER = Capgemini.CryptoWallet;
				PRODUCT_NAME = "$(TARGET_NAME)";
				STRING_CATALOG_GENERATE_SYMBOLS = YES;
				SWIFT_APPROACHABLE_CONCURRENCY = YES;
				SWIFT_DEFAULT_ACTOR_ISOLATION = MainActor;
				SWIFT_EMIT_LOC_STRINGS = YES;
				SWIFT_UPCOMING_FEATURE_MEMBER_IMPORT_VISIBILITY = YES;
				SWIFT_VERSION = 5.0;
				TARGETED_DEVICE_FAMILY = "1,2";
			};
			name = Release;
		};
/* End XCBuildConfiguration section */

/* Begin XCConfigurationList section */
		2EC4B41C2FC6FCD7005064D0 /* Build configuration list for PBXProject "CryptoWallet" */ = {
			isa = XCConfigurationList;
			buildConfigurations = (
				2EC4B42A2FC6FCD9005064D0 /* Debug */,
				2EC4B42B2FC6FCD9005064D0 /* Release */,
			);
			defaultConfigurationIsVisible = 0;
			defaultConfigurationName = Release;
		};
		2EC4B42C2FC6FCD9005064D0 /* Build configuration list for PBXNativeTarget "CryptoWallet" */ = {
			isa = XCConfigurationList;
			buildConfigurations = (
				2EC4B42D2FC6FCD9005064D0 /* Debug */,
				2EC4B42E2FC6FCD9005064D0 /* Release */,
			);
			defaultConfigurationIsVisible = 0;
			defaultConfigurationName = Release;
		};
/* End XCConfigurationList section */

/* Begin XCVersionGroup section */
		33A3AC332FD643A5004BF0AF /* Model.xcdatamodeld */ = {
			isa = XCVersionGroup;
			children = (
				33A3AC342FD643A5004BF0AF /* Model.xcdatamodel */,
			);
			currentVersion = 33A3AC342FD643A5004BF0AF /* Model.xcdatamodel */;
			path = Model.xcdatamodeld;
			sourceTree = "<group>";
			versionGroupType = wrapper.xcdatamodel;
		};
/* End XCVersionGroup section */
	};
	rootObject = 2EC4B4192FC6FCD7005064D0 /* Project object */;
}
